
Microsoft Visual Studio Solution File, Format Version 12.00
# Visual Studio 15
VisualStudioVersion = 15.0.28010.2041
MinimumVisualStudioVersion = 10.0.40219.1
Project("{9A19103F-16F7-4668-BE54-9A1E7A4F7556}") = "TaskHouseApi", "TaskHouseApi\TaskHouseApi.csproj", "{A01C357C-1C43-475C-AC15-BF22DB7ED067}"
EndProject
Project("{9A19103F-16F7-4668-BE54-9A1E7A4F7556}") = "TaskHouseUnitTests", "TaskHouseUnitTests\TaskHouseUnitTests.csproj", "{0DC6AA3B-6D90-4703-9774-954E0B081495}"
EndProject
Global
	GlobalSection(SolutionConfigurationPlatforms) = preSolution
		Debug|Any CPU = Debug|Any CPU
		Release|Any CPU = Release|Any CPU
	EndGlobalSection
	GlobalSection(ProjectConfigurationPlatforms) = postSolution
		{A01C357C-1C43-475C-AC15-BF22DB7ED067}.Debug|Any CPU.ActiveCfg = Debug|Any CPU
		{A01C357C-1C43-475C-AC15-BF22DB7ED067}.Debug|Any CPU.Build.0 = Debug|Any CPU
		{A01C357C-1C43-475C-AC15-BF22DB7ED067}.Release|Any CPU.ActiveCfg = Release|Any CPU
		{A01C357C-1C43-475C-AC15-BF22DB7ED067}.Release|Any CPU.Build.0 = Release|Any CPU
		{0DC6AA3B-6D90-4703-9774-954E0B081495}.Debug|Any CPU.ActiveCfg = Debug|Any CPU
		{0DC6AA3B-6D90-4703-9774-954E0B081495}.Debug|Any CPU.Build.0 = Debug|Any CPU
		{0DC6AA3B-6D90-4703-9774-954E0B081495}.Release|Any CPU.ActiveCfg = Release|Any CPU
		{0DC6AA3B-6D90-4703-9774-954E0B081495}.Release|Any CPU.Build.0 = Release|Any CPU
	EndGlobalSection
	GlobalSection(SolutionProperties) = preSolution
		HideSolutionNode = FALSE
	EndGlobalSection
	GlobalSection(ExtensibilityGlobals) = postSolution
		SolutionGuid = {B8BC85C5-8F20-4B5F-AF90-7CA0917E4394}
	EndGlobalSection
EndGlobal
